{
    "_readme": [
        "This file locks the dependencies of your project to a known state",
        "Read more about it at https://getcomposer.org/doc/01-basic-usage.md#installing-dependencies",
        "This file is @generated automatically"
    ],
    "content-hash": "a765d93547aaea50047f38bb38e0547f",
    "packages": [
        {
            "name": "composer/installers",
            "version": "v1.6.0",
            "source": {
                "type": "git",
                "url": "https://github.com/composer/installers.git",
                "reference": "cfcca6b1b60bc4974324efb5783c13dca6932b5b"
            },
            "dist": {
                "type": "zip",
                "url": "https://api.github.com/repos/composer/installers/zipball/cfcca6b1b60bc4974324efb5783c13dca6932b5b",
                "reference": "cfcca6b1b60bc4974324efb5783c13dca6932b5b",
                "shasum": ""
            },
            "require": {
                "composer-plugin-api": "^1.0"
            },
            "replace": {
                "roundcube/plugin-installer": "*",
                "shama/baton": "*"
            },
            "require-dev": {
                "composer/composer": "1.0.*@dev",
                "phpunit/phpunit": "^4.8.36"
            },
            "type": "composer-plugin",
            "extra": {
                "class": "Composer\\Installers\\Plugin",
                "branch-alias": {
                    "dev-master": "1.0-dev"
                }
            },
            "autoload": {
                "psr-4": {
                    "Composer\\Installers\\": "src/Composer/Installers"
                }
            },
            "notification-url": "https://packagist.org/downloads/",
            "license": [
                "MIT"
            ],
            "authors": [
                {
                    "name": "Kyle Robinson Young",
                    "email": "kyle@dontkry.com",
                    "homepage": "https://github.com/shama"
                }
            ],
            "description": "A multi-framework Composer library installer",
            "homepage": "https://composer.github.io/installers/",
            "keywords": [
                "Craft",
                "Dolibarr",
                "Eliasis",
                "Hurad",
                "ImageCMS",
                "Kanboard",
                "Lan Management System",
                "MODX Evo",
                "Mautic",
                "Maya",
                "OXID",
                "Plentymarkets",
                "Porto",
                "RadPHP",
                "SMF",
                "Thelia",
                "WolfCMS",
                "agl",
                "aimeos",
                "annotatecms",
                "attogram",
                "bitrix",
                "cakephp",
                "chef",
                "cockpit",
                "codeigniter",
                "concrete5",
                "croogo",
                "dokuwiki",
                "drupal",
                "eZ Platform",
                "elgg",
                "expressionengine",
                "fuelphp",
                "grav",
                "installer",
                "itop",
                "joomla",
                "kohana",
                "laravel",
                "lavalite",
                "lithium",
                "magento",
                "majima",
                "mako",
                "mediawiki",
                "modulework",
                "modx",
                "moodle",
                "osclass",
                "phpbb",
                "piwik",
                "ppi",
                "puppet",
                "pxcms",
                "reindex",
                "roundcube",
                "shopware",
                "silverstripe",
                "sydes",
                "symfony",
                "typo3",
                "wordpress",
                "yawik",
                "zend",
                "zikula"
            ],
            "time": "2018-08-27T06:10:37+00:00"
        },
        {
            "name": "composer/semver",
            "version": "1.5.0",
            "source": {
                "type": "git",
                "url": "https://github.com/composer/semver.git",
                "reference": "46d9139568ccb8d9e7cdd4539cab7347568a5e2e"
            },
            "dist": {
                "type": "zip",
                "url": "https://api.github.com/repos/composer/semver/zipball/46d9139568ccb8d9e7cdd4539cab7347568a5e2e",
                "reference": "46d9139568ccb8d9e7cdd4539cab7347568a5e2e",
                "shasum": ""
            },
            "require": {
                "php": "^5.3.2 || ^7.0"
            },
            "require-dev": {
                "phpunit/phpunit": "^4.5 || ^5.0.5",
                "phpunit/phpunit-mock-objects": "2.3.0 || ^3.0"
            },
            "type": "library",
            "extra": {
                "branch-alias": {
                    "dev-master": "1.x-dev"
                }
            },
            "autoload": {
                "psr-4": {
                    "Composer\\Semver\\": "src"
                }
            },
            "notification-url": "https://packagist.org/downloads/",
            "license": [
                "MIT"
            ],
            "authors": [
                {
                    "name": "Nils Adermann",
                    "email": "naderman@naderman.de",
                    "homepage": "http://www.naderman.de"
                },
                {
                    "name": "Jordi Boggiano",
                    "email": "j.boggiano@seld.be",
                    "homepage": "http://seld.be"
                },
                {
                    "name": "Rob Bast",
                    "email": "rob.bast@gmail.com",
                    "homepage": "http://robbast.nl"
                }
            ],
            "description": "Semver library that offers utilities, version constraint parsing and validation.",
            "keywords": [
                "semantic",
                "semver",
                "validation",
                "versioning"
            ],
            "time": "2019-03-19T17:25:45+00:00"
        },
        {
            "name": "jmichaelward/wp-installer-plugin",
            "version": "0.1.0",
            "source": {
                "type": "git",
                "url": "https://github.com/jmichaelward/wp-installer-plugin.git",
                "reference": "6d07a1fb423b6607445fce0b1f05c73ecf5ada24"
            },
            "dist": {
                "type": "zip",
                "url": "https://api.github.com/repos/jmichaelward/wp-installer-plugin/zipball/6d07a1fb423b6607445fce0b1f05c73ecf5ada24",
                "reference": "6d07a1fb423b6607445fce0b1f05c73ecf5ada24",
                "shasum": ""
            },
            "require": {
                "composer-plugin-api": "^1.1",
                "wp-cli/core-command": "^2.0"
            },
            "require-dev": {
                "composer/composer": "^1.8"
            },
            "type": "composer-plugin",
            "extra": {
                "class": "JMichaelWard\\WPInstaller\\Plugin"
            },
            "autoload": {
                "psr-4": {
                    "JMichaelWard\\WPInstaller\\": "src/"
                }
            },
            "notification-url": "https://packagist.org/downloads/",
            "description": "Example Composer installer plugin.",
            "time": "2019-06-02T05:24:02+00:00"
        },
        {
            "name": "mustache/mustache",
            "version": "v2.12.0",
            "source": {
                "type": "git",
                "url": "https://github.com/bobthecow/mustache.php.git",
                "reference": "fe8fe72e9d580591854de404cc59a1b83ca4d19e"
            },
            "dist": {
                "type": "zip",
                "url": "https://api.github.com/repos/bobthecow/mustache.php/zipball/fe8fe72e9d580591854de404cc59a1b83ca4d19e",
                "reference": "fe8fe72e9d580591854de404cc59a1b83ca4d19e",
                "shasum": ""
            },
            "require": {
                "php": ">=5.2.4"
            },
            "require-dev": {
                "friendsofphp/php-cs-fixer": "~1.11",
                "phpunit/phpunit": "~3.7|~4.0|~5.0"
            },
            "type": "library",
            "autoload": {
                "psr-0": {
                    "Mustache": "src/"
                }
            },
            "notification-url": "https://packagist.org/downloads/",
            "license": [
                "MIT"
            ],
            "authors": [
                {
                    "name": "Justin Hileman",
                    "email": "justin@justinhileman.info",
                    "homepage": "http://justinhileman.com"
                }
            ],
            "description": "A Mustache implementation in PHP.",
            "homepage": "https://github.com/bobthecow/mustache.php",
            "keywords": [
                "mustache",
                "templating"
            ],
            "time": "2017-07-11T12:54:05+00:00"
        },
        {
            "name": "rmccue/requests",
            "version": "v1.7.0",
            "source": {
                "type": "git",
                "url": "https://github.com/rmccue/Requests.git",
                "reference": "87932f52ffad70504d93f04f15690cf16a089546"
            },
            "dist": {
                "type": "zip",
                "url": "https://api.github.com/repos/rmccue/Requests/zipball/87932f52ffad70504d93f04f15690cf16a089546",
                "reference": "87932f52ffad70504d93f04f15690cf16a089546",
                "shasum": ""
            },
            "require": {
                "php": ">=5.2"
            },
            "require-dev": {
                "requests/test-server": "dev-master"
            },
            "type": "library",
            "autoload": {
                "psr-0": {
                    "Requests": "library/"
                }
            },
            "notification-url": "https://packagist.org/downloads/",
            "license": [
                "ISC"
            ],
            "authors": [
                {
                    "name": "Ryan McCue",
                    "homepage": "http://ryanmccue.info"
                }
            ],
            "description": "A HTTP library written in PHP, for human beings.",
            "homepage": "http://github.com/rmccue/Requests",
            "keywords": [
                "curl",
                "fsockopen",
                "http",
                "idna",
                "ipv6",
                "iri",
                "sockets"
            ],
            "time": "2016-10-13T00:11:37+00:00"
        },
        {
            "name": "symfony/finder",
            "version": "v4.3.0",
            "source": {
                "type": "git",
                "url": "https://github.com/symfony/finder.git",
                "reference": "b3d4f4c0e4eadfdd8b296af9ca637cfbf51d8176"
            },
            "dist": {
                "type": "zip",
                "url": "https://api.github.com/repos/symfony/finder/zipball/b3d4f4c0e4eadfdd8b296af9ca637cfbf51d8176",
                "reference": "b3d4f4c0e4eadfdd8b296af9ca637cfbf51d8176",
                "shasum": ""
            },
            "require": {
                "php": "^7.1.3"
            },
            "type": "library",
            "extra": {
                "branch-alias": {
                    "dev-master": "4.3-dev"
                }
            },
            "autoload": {
                "psr-4": {
                    "Symfony\\Component\\Finder\\": ""
                },
                "exclude-from-classmap": [
                    "/Tests/"
                ]
            },
            "notification-url": "https://packagist.org/downloads/",
            "license": [
                "MIT"
            ],
            "authors": [
                {
                    "name": "Fabien Potencier",
                    "email": "fabien@symfony.com"
                },
                {
                    "name": "Symfony Community",
                    "homepage": "https://symfony.com/contributors"
                }
            ],
            "description": "Symfony Finder Component",
            "homepage": "https://symfony.com",
            "time": "2019-05-26T20:47:49+00:00"
        },
        {
            "name": "wp-cli/core-command",
            "version": "v2.0.6",
            "source": {
                "type": "git",
                "url": "https://github.com/wp-cli/core-command.git",
                "reference": "14634828e559f69e2525fa9489635f301783aee8"
            },
            "dist": {
                "type": "zip",
                "url": "https://api.github.com/repos/wp-cli/core-command/zipball/14634828e559f69e2525fa9489635f301783aee8",
                "reference": "14634828e559f69e2525fa9489635f301783aee8",
                "shasum": ""
            },
            "require": {
                "composer/semver": "^1.4",
                "wp-cli/wp-cli": "^2.2"
            },
            "require-dev": {
                "wp-cli/checksum-command": "^1 || ^2",
                "wp-cli/db-command": "^1.3 || ^2",
                "wp-cli/entity-command": "^1.3 || ^2",
                "wp-cli/extension-command": "^1.2 || ^2",
                "wp-cli/wp-cli-tests": "^2.1"
            },
            "type": "wp-cli-package",
            "extra": {
                "branch-alias": {
                    "dev-master": "2.x-dev"
                },
                "bundled": true,
                "commands": [
                    "core",
                    "core check-update",
                    "core download",
                    "core install",
                    "core is-installed",
                    "core multisite-convert",
                    "core multisite-install",
                    "core update",
                    "core update-db",
                    "core version"
                ]
            },
            "autoload": {
                "psr-4": {
                    "": "src/"
                },
                "files": [
                    "core-command.php"
                ]
            },
            "notification-url": "https://packagist.org/downloads/",
            "license": [
                "MIT"
            ],
            "authors": [
                {
                    "name": "Daniel Bachhuber",
                    "email": "daniel@runcommand.io",
                    "homepage": "https://runcommand.io"
                }
            ],
            "description": "Downloads, installs, updates, and manages a WordPress installation.",
            "homepage": "https://github.com/wp-cli/core-command",
            "time": "2019-04-25T05:45:44+00:00"
        },
        {
            "name": "wp-cli/mustangostang-spyc",
            "version": "0.6.3",
            "source": {
                "type": "git",
                "url": "https://github.com/wp-cli/spyc.git",
                "reference": "6aa0b4da69ce9e9a2c8402dab8d43cf32c581cc7"
            },
            "dist": {
                "type": "zip",
                "url": "https://api.github.com/repos/wp-cli/spyc/zipball/6aa0b4da69ce9e9a2c8402dab8d43cf32c581cc7",
                "reference": "6aa0b4da69ce9e9a2c8402dab8d43cf32c581cc7",
                "shasum": ""
            },
            "require": {
                "php": ">=5.3.1"
            },
            "require-dev": {
                "phpunit/phpunit": "4.3.*@dev"
            },
            "type": "library",
            "extra": {
                "branch-alias": {
                    "dev-master": "0.5.x-dev"
                }
            },
            "autoload": {
                "psr-4": {
                    "Mustangostang\\": "src/"
                },
                "files": [
                    "includes/functions.php"
                ]
            },
            "notification-url": "https://packagist.org/downloads/",
            "license": [
                "MIT"
            ],
            "authors": [
                {
                    "name": "mustangostang",
                    "email": "vlad.andersen@gmail.com"
                }
            ],
            "description": "A simple YAML loader/dumper class for PHP (WP-CLI fork)",
            "homepage": "https://github.com/mustangostang/spyc/",
            "time": "2017-04-25T11:26:20+00:00"
        },
        {
            "name": "wp-cli/php-cli-tools",
            "version": "v0.11.11",
            "source": {
                "type": "git",
                "url": "https://github.com/wp-cli/php-cli-tools.git",
                "reference": "fe9c7c44a9e1bf2196ec51dc38da0593dbf2993f"
            },
            "dist": {
                "type": "zip",
                "url": "https://api.github.com/repos/wp-cli/php-cli-tools/zipball/fe9c7c44a9e1bf2196ec51dc38da0593dbf2993f",
                "reference": "fe9c7c44a9e1bf2196ec51dc38da0593dbf2993f",
                "shasum": ""
            },
            "require": {
                "php": ">= 5.3.0"
            },
            "type": "library",
            "autoload": {
                "psr-0": {
                    "cli": "lib/"
                },
                "files": [
                    "lib/cli/cli.php"
                ]
            },
            "notification-url": "https://packagist.org/downloads/",
            "license": [
                "MIT"
            ],
            "authors": [
                {
                    "name": "James Logsdon",
                    "email": "jlogsdon@php.net",
                    "role": "Developer"
                },
                {
                    "name": "Daniel Bachhuber",
                    "email": "daniel@handbuilt.co",
                    "role": "Maintainer"
                }
            ],
            "description": "Console utilities for PHP",
            "homepage": "http://github.com/wp-cli/php-cli-tools",
            "keywords": [
                "cli",
                "console"
            ],
            "time": "2018-09-04T13:28:00+00:00"
        },
        {
            "name": "wp-cli/wp-cli",
            "version": "v2.2.0",
            "source": {
                "type": "git",
                "url": "https://github.com/wp-cli/wp-cli.git",
                "reference": "193f08f48585326bc1f1648349201531eeda2ee5"
            },
            "dist": {
                "type": "zip",
                "url": "https://api.github.com/repos/wp-cli/wp-cli/zipball/193f08f48585326bc1f1648349201531eeda2ee5",
                "reference": "193f08f48585326bc1f1648349201531eeda2ee5",
                "shasum": ""
            },
            "require": {
                "ext-curl": "*",
                "mustache/mustache": "~2.4",
                "php": "^5.4 || ^7.0",
                "rmccue/requests": "~1.6",
                "symfony/finder": ">2.7",
                "wp-cli/mustangostang-spyc": "^0.6.3",
                "wp-cli/php-cli-tools": "~0.11.2"
            },
            "require-dev": {
                "roave/security-advisories": "dev-master",
                "wp-cli/db-command": "^1.3 || ^2",
                "wp-cli/entity-command": "^1.2 || ^2",
                "wp-cli/extension-command": "^1.1 || ^2",
                "wp-cli/package-command": "^1 || ^2",
                "wp-cli/wp-cli-tests": "^2.1"
            },
            "suggest": {
                "ext-readline": "Include for a better --prompt implementation",
                "ext-zip": "Needed to support extraction of ZIP archives when doing downloads or updates"
            },
            "bin": [
                "bin/wp",
                "bin/wp.bat"
            ],
            "type": "library",
            "extra": {
                "branch-alias": {
                    "dev-master": "2.1.x-dev"
                }
            },
            "autoload": {
                "psr-0": {
                    "WP_CLI": "php"
                }
            },
            "notification-url": "https://packagist.org/downloads/",
            "license": [
                "MIT"
            ],
            "description": "WP-CLI framework",
            "homepage": "https://wp-cli.org",
            "keywords": [
                "cli",
                "wordpress"
            ],
            "time": "2019-04-25T05:38:33+00:00"
        }
    ],
    "packages-dev": [
        {
            "name": "jmichaelward/wp-setup",
            "version": "2.0.0",
            "source": {
                "type": "git",
                "url": "https://github.com/jmichaelward/wp-setup.git",
                "reference": "d446e55688549d5c423c686fc88965bdab3fa81a"
            },
            "dist": {
                "type": "zip",
                "url": "https://api.github.com/repos/jmichaelward/wp-setup/zipball/d446e55688549d5c423c686fc88965bdab3fa81a",
                "reference": "d446e55688549d5c423c686fc88965bdab3fa81a",
                "shasum": ""
            },
            "require": {
                "wp-cli/config-command": "^2",
                "wp-cli/core-command": "^2",
                "wp-cli/db-command": "^2",
                "wp-cli/entity-command": "^2",
                "wp-cli/extension-command": "^2",
                "wp-cli/wp-cli": "^2"
            },
            "bin": [
                "./bin/wp-init"
            ],
            "type": "library",
            "notification-url": "https://packagist.org/downloads/",
            "license": [
                "MIT"
            ],
            "authors": [
                {
                    "name": "Jeremy Ward",
                    "email": "jeremy.ward@webdevstudios.com"
                }
            ],
            "description": "A simple script for quickly setting up a WordPress installation.",
            "time": "2019-06-02T05:29:57+00:00"
        },
        {
            "name": "wp-cli/config-command",
            "version": "v2.0.4",
            "source": {
                "type": "git",
                "url": "https://github.com/wp-cli/config-command.git",
                "reference": "b7e69946e4ec711d4568d11d2b7e08f5e872567d"
            },
            "dist": {
                "type": "zip",
                "url": "https://api.github.com/repos/wp-cli/config-command/zipball/b7e69946e4ec711d4568d11d2b7e08f5e872567d",
                "reference": "b7e69946e4ec711d4568d11d2b7e08f5e872567d",
                "shasum": ""
            },
            "require": {
                "wp-cli/wp-cli": "^2",
                "wp-cli/wp-config-transformer": "^1.2.1"
            },
            "require-dev": {
                "wp-cli/db-command": "^1.3 || ^2",
                "wp-cli/wp-cli-tests": "^2.1"
            },
            "type": "wp-cli-package",
            "extra": {
                "branch-alias": {
                    "dev-master": "2.x-dev"
                },
                "bundled": true,
                "commands": [
                    "config",
                    "config edit",
                    "config delete",
                    "config create",
                    "config get",
                    "config has",
                    "config list",
                    "config path",
                    "config set",
                    "config shuffle-salts"
                ]
            },
            "autoload": {
                "psr-4": {
                    "": "src/"
                },
                "files": [
                    "config-command.php"
                ]
            },
            "notification-url": "https://packagist.org/downloads/",
            "license": [
                "MIT"
            ],
            "authors": [
                {
                    "name": "Daniel Bachhuber",
                    "email": "daniel@runcommand.io",
                    "homepage": "https://runcommand.io"
                },
                {
                    "name": "Alain Schlesser",
                    "email": "alain.schlesser@gmail.com",
                    "homepage": "https://www.alainschlesser.com"
                }
            ],
            "description": "Generates and reads the wp-config.php file.",
            "homepage": "https://github.com/wp-cli/config-command",
            "time": "2019-04-25T00:28:22+00:00"
        },
        {
            "name": "wp-cli/db-command",
            "version": "v2.0.3",
            "source": {
                "type": "git",
                "url": "https://github.com/wp-cli/db-command.git",
                "reference": "dc0f8e4d5783d8a4ee01da1119b8fe8038fe1aa0"
            },
            "dist": {
                "type": "zip",
                "url": "https://api.github.com/repos/wp-cli/db-command/zipball/dc0f8e4d5783d8a4ee01da1119b8fe8038fe1aa0",
                "reference": "dc0f8e4d5783d8a4ee01da1119b8fe8038fe1aa0",
                "shasum": ""
            },
            "require": {
                "wp-cli/wp-cli": "^2"
            },
            "require-dev": {
                "wp-cli/entity-command": "^1.3 || ^2",
                "wp-cli/wp-cli-tests": "^2.1"
            },
            "type": "wp-cli-package",
            "extra": {
                "branch-alias": {
                    "dev-master": "2.x-dev"
                },
                "bundled": true,
                "commands": [
                    "db",
                    "db clean",
                    "db create",
                    "db drop",
                    "db reset",
                    "db check",
                    "db optimize",
                    "db prefix",
                    "db repair",
                    "db cli",
                    "db query",
                    "db export",
                    "db import",
                    "db search",
                    "db tables",
                    "db size",
                    "db columns"
                ]
            },
            "autoload": {
                "psr-4": {
                    "": "src/"
                },
                "files": [
                    "db-command.php"
                ]
            },
            "notification-url": "https://packagist.org/downloads/",
            "license": [
                "MIT"
            ],
            "authors": [
                {
                    "name": "Daniel Bachhuber",
                    "email": "daniel@runcommand.io",
                    "homepage": "https://runcommand.io"
                }
            ],
            "description": "Performs basic database operations using credentials stored in wp-config.php.",
            "homepage": "https://github.com/wp-cli/db-command",
            "time": "2019-04-25T00:28:40+00:00"
        },
        {
            "name": "wp-cli/entity-command",
            "version": "v2.0.6",
            "source": {
                "type": "git",
                "url": "https://github.com/wp-cli/entity-command.git",
                "reference": "250ed0da61162819f601fa110251c7e4c5173f27"
            },
            "dist": {
                "type": "zip",
                "url": "https://api.github.com/repos/wp-cli/entity-command/zipball/250ed0da61162819f601fa110251c7e4c5173f27",
                "reference": "250ed0da61162819f601fa110251c7e4c5173f27",
                "shasum": ""
            },
            "require": {
                "wp-cli/wp-cli": "^2"
            },
            "require-dev": {
                "wp-cli/cache-command": "^1 || ^2",
                "wp-cli/db-command": "^1.3 || ^2",
                "wp-cli/extension-command": "^1.2 || ^2",
                "wp-cli/media-command": "^1.1 || ^2",
                "wp-cli/wp-cli-tests": "^2.1"
            },
            "type": "wp-cli-package",
            "extra": {
                "branch-alias": {
                    "dev-master": "2.x-dev"
                },
                "bundled": true,
                "commands": [
                    "comment",
                    "comment approve",
                    "comment count",
                    "comment create",
                    "comment delete",
                    "comment exists",
                    "comment generate",
                    "comment get",
                    "comment list",
                    "comment meta",
                    "comment meta add",
                    "comment meta delete",
                    "comment meta get",
                    "comment meta list",
                    "comment meta patch",
                    "comment meta pluck",
                    "comment meta update",
                    "comment recount",
                    "comment spam",
                    "comment status",
                    "comment trash",
                    "comment unapprove",
                    "comment unspam",
                    "comment untrash",
                    "comment update",
                    "menu",
                    "menu create",
                    "menu delete",
                    "menu item",
                    "menu item add-custom",
                    "menu item add-post",
                    "menu item add-term",
                    "menu item delete",
                    "menu item list",
                    "menu item update",
                    "menu list",
                    "menu location",
                    "menu location assign",
                    "menu location list",
                    "menu location remove",
                    "network meta",
                    "network meta add",
                    "network meta delete",
                    "network meta get",
                    "network meta list",
                    "network meta patch",
                    "network meta pluck",
                    "network meta update",
                    "option",
                    "option add",
                    "option delete",
                    "option get",
                    "option list",
                    "option patch",
                    "option pluck",
                    "option update",
                    "post",
                    "post create",
                    "post delete",
                    "post edit",
                    "post exists",
                    "post generate",
                    "post get",
                    "post list",
                    "post meta",
                    "post meta add",
                    "post meta delete",
                    "post meta get",
                    "post meta list",
                    "post meta patch",
                    "post meta pluck",
                    "post meta update",
                    "post term",
                    "post term add",
                    "post term list",
                    "post term remove",
                    "post term set",
                    "post update",
                    "post-type",
                    "post-type get",
                    "post-type list",
                    "site",
                    "site activate",
                    "site archive",
                    "site create",
                    "site deactivate",
                    "site delete",
                    "site empty",
                    "site list",
                    "site mature",
                    "site option",
                    "site private",
                    "site public",
                    "site spam",
                    "site unarchive",
                    "site unmature",
                    "site unspam",
                    "taxonomy",
                    "taxonomy get",
                    "taxonomy list",
                    "term",
                    "term create",
                    "term delete",
                    "term generate",
                    "term get",
                    "term list",
                    "term meta",
                    "term meta add",
                    "term meta delete",
                    "term meta get",
                    "term meta list",
                    "term meta patch",
                    "term meta pluck",
                    "term meta update",
                    "term recount",
                    "term update",
                    "user",
                    "user add-cap",
                    "user add-role",
                    "user create",
                    "user delete",
                    "user generate",
                    "user get",
                    "user import-csv",
                    "user list",
                    "user list-caps",
                    "user meta",
                    "user meta add",
                    "user meta delete",
                    "user meta get",
                    "user meta list",
                    "user meta patch",
                    "user meta pluck",
                    "user meta update",
                    "user remove-cap",
                    "user remove-role",
                    "user reset-password",
                    "user session",
                    "user session destroy",
                    "user session list",
                    "user set-role",
                    "user spam",
                    "user term",
                    "user term add",
                    "user term list",
                    "user term remove",
                    "user term set",
                    "user unspam",
                    "user update"
                ]
            },
            "autoload": {
                "psr-4": {
                    "": "src/",
                    "WP_CLI\\": "src/WP_CLI"
                },
                "files": [
                    "entity-command.php"
                ]
            },
            "notification-url": "https://packagist.org/downloads/",
            "license": [
                "MIT"
            ],
            "authors": [
                {
                    "name": "Daniel Bachhuber",
                    "email": "daniel@runcommand.io",
                    "homepage": "https://runcommand.io"
                }
            ],
            "description": "Manage WordPress comments, menus, options, posts, sites, terms, and users.",
            "homepage": "https://github.com/wp-cli/entity-command",
            "time": "2019-04-25T04:51:40+00:00"
        },
        {
            "name": "wp-cli/extension-command",
            "version": "v2.0.5",
            "source": {
                "type": "git",
                "url": "https://github.com/wp-cli/extension-command.git",
                "reference": "10b6f9d988f8972bfbf3e8d0483f61f2c338ed6d"
            },
            "dist": {
                "type": "zip",
                "url": "https://api.github.com/repos/wp-cli/extension-command/zipball/10b6f9d988f8972bfbf3e8d0483f61f2c338ed6d",
                "reference": "10b6f9d988f8972bfbf3e8d0483f61f2c338ed6d",
                "shasum": ""
            },
            "require": {
                "composer/semver": "^1.4",
                "wp-cli/wp-cli": "^2"
            },
            "require-dev": {
                "wp-cli/entity-command": "^1.3 || ^2",
                "wp-cli/scaffold-command": "^1.2 || ^2",
                "wp-cli/wp-cli-tests": "^2.1"
            },
            "type": "wp-cli-package",
            "extra": {
                "branch-alias": {
                    "dev-master": "2.x-dev"
                },
                "bundled": true,
                "commands": [
                    "plugin",
                    "plugin activate",
                    "plugin deactivate",
                    "plugin delete",
                    "plugin get",
                    "plugin install",
                    "plugin is-installed",
                    "plugin list",
                    "plugin path",
                    "plugin search",
                    "plugin status",
                    "plugin toggle",
                    "plugin uninstall",
                    "plugin update",
                    "theme",
                    "theme activate",
                    "theme delete",
                    "theme disable",
                    "theme enable",
                    "theme get",
                    "theme install",
                    "theme is-installed",
                    "theme list",
                    "theme mod",
                    "theme mod get",
                    "theme mod set",
                    "theme mod remove",
                    "theme path",
                    "theme search",
                    "theme status",
                    "theme update",
                    "theme mod list"
                ]
            },
            "autoload": {
                "psr-4": {
                    "": "src/"
                },
                "files": [
                    "extension-command.php"
                ]
            },
            "notification-url": "https://packagist.org/downloads/",
            "license": [
                "MIT"
            ],
            "authors": [
                {
                    "name": "Daniel Bachhuber",
                    "email": "daniel@runcommand.io",
                    "homepage": "https://runcommand.io"
                }
            ],
            "description": "Manages plugins and themes, including installs, activations, and updates.",
            "homepage": "https://github.com/wp-cli/extension-command",
            "time": "2019-04-25T00:29:33+00:00"
        },
        {
            "name": "wp-cli/wp-config-transformer",
            "version": "v1.2.5",
            "source": {
                "type": "git",
                "url": "https://github.com/wp-cli/wp-config-transformer.git",
                "reference": "46c6c3622196c55ea9b94e735e8c408425de8944"
            },
            "dist": {
                "type": "zip",
                "url": "https://api.github.com/repos/wp-cli/wp-config-transformer/zipball/46c6c3622196c55ea9b94e735e8c408425de8944",
                "reference": "46c6c3622196c55ea9b94e735e8c408425de8944",
                "shasum": ""
            },
            "require": {
                "php": ">=5.3.29"
            },
            "require-dev": {
                "composer/composer": "^1.5.6",
                "phpunit/phpunit": "^6.5.5",
                "wp-coding-standards/wpcs": "^0.14.0"
            },
            "type": "library",
            "autoload": {
                "files": [
                    "src/WPConfigTransformer.php"
                ]
            },
            "notification-url": "https://packagist.org/downloads/",
            "license": [
                "MIT"
            ],
            "authors": [
                {
                    "name": "Frankie Jarrett",
                    "email": "fjarrett@gmail.com"
                }
            ],
            "description": "Programmatically edit a wp-config.php file.",
            "time": "2019-04-01T15:03:00+00:00"
        }
    ],
    "aliases": [],
    "minimum-stability": "stable",
    "stability-flags": [],
    "prefer-stable": false,
    "prefer-lowest": false,
    "platform": [],
    "platform-dev": []
}
